
Microsoft Visual Studio Solution File, Format Version 12.00
# Visual Studio Version 18
VisualStudioVersion = 18.6.11822.322 stable
MinimumVisualStudioVersion = 10.0.40219.1
Project("{F184B08F-C81C-45F6-A57F-5ABD9991F28F}") = "CoinsAndShares", "CoinsAndShares\CoinsAndShares.vbproj", "{C781E53C-1AEF-4E54-92D3-86AFB2DC9EE2}"
EndProject
Project("{FAE04EC0-301F-11D3-BF4B-00C04F79EFBC}") = "BenchmarkSuite1", "BenchmarkSuite1\BenchmarkSuite1.csproj", "{A20861A9-411E-6150-BF5C-69E8196E5D22}"
EndProject
Global
	GlobalSection(SolutionConfigurationPlatforms) = preSolution
		Debug|Any CPU = Debug|Any CPU
		Release|Any CPU = Release|Any CPU
	EndGlobalSection
	GlobalSection(ProjectConfigurationPlatforms) = postSolution
		{C781E53C-1AEF-4E54-92D3-86AFB2DC9EE2}.Debug|Any CPU.ActiveCfg = Debug|Any CPU
		{C781E53C-1AEF-4E54-92D3-86AFB2DC9EE2}.Debug|Any CPU.Build.0 = Debug|Any CPU
		{C781E53C-1AEF-4E54-92D3-86AFB2DC9EE2}.Release|Any CPU.ActiveCfg = Release|Any CPU
		{C781E53C-1AEF-4E54-92D3-86AFB2DC9EE2}.Release|Any CPU.Build.0 = Release|Any CPU
		{A20861A9-411E-6150-BF5C-69E8196E5D22}.Debug|Any CPU.ActiveCfg = Debug|Any CPU
		{A20861A9-411E-6150-BF5C-69E8196E5D22}.Debug|Any CPU.Build.0 = Debug|Any CPU
		{A20861A9-411E-6150-BF5C-69E8196E5D22}.Release|Any CPU.ActiveCfg = Release|Any CPU
		{A20861A9-411E-6150-BF5C-69E8196E5D22}.Release|Any CPU.Build.0 = Release|Any CPU
	EndGlobalSection
	GlobalSection(SolutionProperties) = preSolution
		HideSolutionNode = FALSE
	EndGlobalSection
	GlobalSection(ExtensibilityGlobals) = postSolution
		SolutionGuid = {336C5F9C-9627-4F13-BD18-567904C09237}
	EndGlobalSection
EndGlobal
